{
  "SurveyEntry": {
    "SurveyID": "SV_3kLZ1KUE87N0MMm",
    "SurveyName": "Covered box \u2014 import test",
    "SurveyDescription": null,
    "SurveyOwnerID": "UR_0N7f1AKYMDJcM74",
    "SurveyBrandID": "bostonu",
    "DivisionID": null,
    "SurveyLanguage": "EN",
    "SurveyActiveResponseSet": "RS_8IB3Xpslxu4R3VQ",
    "SurveyStatus": "Inactive",
    "SurveyStartDate": "0000-00-00 00:00:00",
    "SurveyExpirationDate": "0000-00-00 00:00:00",
    "SurveyCreationDate": "2026-08-26 09:18:16",
    "CreatorID": "UR_0N7f1AKYMDJcM74",
    "LastModified": "2026-08-26 09:19:37",
    "LastAccessed": "0000-00-00 00:00:00",
    "LastActivated": "0000-00-00 00:00:00",
    "Deleted": null
  },
  "SurveyElements": [
    {
      "SurveyID": "SV_3kLZ1KUE87N0MMm",
      "Element": "PL",
      "PrimaryAttribute": "Preview Link",
      "SecondaryAttribute": null,
      "TertiaryAttribute": null,
      "Payload": {
        "PreviewType": "Brand",
        "PreviewID": "1377bfae-81ce-4b18-aecd-baef5167bc23"
      }
    },
    {
      "SurveyID": "SV_3kLZ1KUE87N0MMm",
      "Element": "PROJ",
      "PrimaryAttribute": "CORE",
      "SecondaryAttribute": null,
      "TertiaryAttribute": "1.1.0",
      "Payload": {
        "ProjectCategory": "CORE",
        "SchemaVersion": "1.1.0"
      }
    },
    {
      "SurveyID": "SV_3kLZ1KUE87N0MMm",
      "Element": "QC",
      "PrimaryAttribute": "Survey Question Count",
      "SecondaryAttribute": "1",
      "TertiaryAttribute": null,
      "Payload": null
    },
    {
      "SurveyID": "SV_3kLZ1KUE87N0MMm",
      "Element": "RS",
      "PrimaryAttribute": "RS_8IB3Xpslxu4R3VQ",
      "SecondaryAttribute": "Default Response Set",
      "TertiaryAttribute": null,
      "Payload": null
    },
    {
      "SurveyID": "SV_3kLZ1KUE87N0MMm",
      "Element": "SCO",
      "PrimaryAttribute": "Scoring",
      "SecondaryAttribute": null,
      "TertiaryAttribute": null,
      "Payload": {
        "ScoringCategories": [],
        "ScoringCategoryGroups": [],
        "ScoringSummaryCategory": null,
        "ScoringSummaryAfterQuestions": 0,
        "ScoringSummaryAfterSurvey": 0,
        "DefaultScoringCategory": null,
        "AutoScoringCategory": null
      }
    },
    {
      "SurveyID": "SV_3kLZ1KUE87N0MMm",
      "Element": "SO",
      "PrimaryAttribute": "Survey Options",
      "SecondaryAttribute": null,
      "TertiaryAttribute": null,
      "Payload": {
        "BackButton": "false",
        "SaveAndContinue": "true",
        "SurveyProtection": "PublicSurvey",
        "BallotBoxStuffingPrevention": "false",
        "NoIndex": "Yes",
        "SecureResponseFiles": "true",
        "SurveyExpiration": "None",
        "SurveyTermination": "DefaultMessage",
        "Header": "",
        "Footer": "",
        "ProgressBarDisplay": "None",
        "PartialData": "+1 week",
        "ValidationMessage": "",
        "PreviousButton": "",
        "NextButton": "",
        "SurveyTitle": "Qualtrics Survey | Qualtrics Experience Management",
        "SkinLibrary": "bostonu",
        "SkinType": "component",
        "Skin": {
          "brandingId": "7133790721",
          "templateId": "*simple",
          "overrides": null
        },
        "NewScoring": 1,
        "SurveyMetaDescription": "The most powerful, simple and trusted way to gather experience data. Start your journey to experience management and try a free account today."
      }
    },
    {
      "SurveyID": "SV_3kLZ1KUE87N0MMm",
      "Element": "STAT",
      "PrimaryAttribute": "Survey Statistics",
      "SecondaryAttribute": null,
      "TertiaryAttribute": null,
      "Payload": {
        "MobileCompatible": false,
        "ID": "Survey Statistics"
      }
    },
    {
      "SurveyID": "SV_3kLZ1KUE87N0MMm",
      "Element": "SQ",
      "PrimaryAttribute": "QID1",
      "SecondaryAttribute": "Give me the box with the red star.",
      "TertiaryAttribute": null,
      "Payload": {
        "QuestionText": "<p>On each screen you will see three boxes. Two are open, so you can see what is inside. The third is closed, so you cannot.</p><p>Each time, choose the box that matches the description. <b>If neither open box matches, the box you want must be the closed one.</b></p><p>These first few screens are practice.</p><br><span style=\"font-size:19px;\">Give me the box with the red star.</span>",
        "DataExportTag": "t1",
        "QuestionType": "MC",
        "Selector": "SAHR",
        "SubSelector": "TX",
        "DataVisibility": {
          "Private": false,
          "Hidden": false
        },
        "Configuration": {
          "QuestionDescriptionOption": "UseText",
          "LabelPosition": "BELOW"
        },
        "QuestionDescription": "Give me the box with the red star.",
        "Choices": {
          "1": {
            "Display": "<img src=\"https://raw.githubusercontent.com/eecoppock/covered-box-replication/main/stimuli/fam_a1.png\" style=\"width:100%;max-width:280px;height:auto;\" alt=\"\">"
          },
          "2": {
            "Display": "<img src=\"https://raw.githubusercontent.com/eecoppock/covered-box-replication/main/stimuli/fam_a2.png\" style=\"width:100%;max-width:280px;height:auto;\" alt=\"\">"
          },
          "3": {
            "Display": "<img src=\"https://raw.githubusercontent.com/eecoppock/covered-box-replication/main/stimuli/covered.png\" style=\"width:100%;max-width:280px;height:auto;\" alt=\"\">"
          }
        },
        "ChoiceOrder": [
          "3",
          "1",
          "2"
        ],
        "Validation": {
          "Settings": {
            "ForceResponse": "ON",
            "Type": "None"
          }
        },
        "Language": [],
        "NextChoiceId": 4,
        "NextAnswerId": 1,
        "QuestionID": "QID1"
      }
    },
    {
      "SurveyID": "SV_3kLZ1KUE87N0MMm",
      "Element": "SQ",
      "PrimaryAttribute": "QID2",
      "SecondaryAttribute": "Give me the box with two apples.",
      "TertiaryAttribute": null,
      "Payload": {
        "QuestionText": "<span style=\"font-size:19px;\">Give me the box with two apples.</span>",
        "DataExportTag": "t2",
        "QuestionType": "MC",
        "Selector": "SAHR",
        "SubSelector": "TX",
        "DataVisibility": {
          "Private": false,
          "Hidden": false
        },
        "Configuration": {
          "QuestionDescriptionOption": "UseText",
          "LabelPosition": "BELOW"
        },
        "QuestionDescription": "Give me the box with two apples.",
        "Choices": {
          "1": {
            "Display": "<img src=\"https://raw.githubusercontent.com/eecoppock/covered-box-replication/main/stimuli/number_s2_1.png\" style=\"width:100%;max-width:280px;height:auto;\" alt=\"\">"
          },
          "2": {
            "Display": "<img src=\"https://raw.githubusercontent.com/eecoppock/covered-box-replication/main/stimuli/number_s2_5.png\" style=\"width:100%;max-width:280px;height:auto;\" alt=\"\">"
          },
          "3": {
            "Display": "<img src=\"https://raw.githubusercontent.com/eecoppock/covered-box-replication/main/stimuli/covered.png\" style=\"width:100%;max-width:280px;height:auto;\" alt=\"\">"
          }
        },
        "ChoiceOrder": [
          "1",
          "3",
          "2"
        ],
        "Validation": {
          "Settings": {
            "ForceResponse": "ON",
            "Type": "None"
          }
        },
        "Language": [],
        "NextChoiceId": 4,
        "NextAnswerId": 1,
        "QuestionID": "QID2"
      }
    },
    {
      "SurveyID": "SV_3kLZ1KUE87N0MMm",
      "Element": "BL",
      "PrimaryAttribute": "Survey Blocks",
      "SecondaryAttribute": null,
      "TertiaryAttribute": null,
      "Payload": [
        {
          "Type": "Default",
          "Description": "Default Question Block",
          "ID": "BL_098f6bcd4621d37",
          "BlockElements": [
            {
              "Type": "Question",
              "QuestionID": "QID1"
            },
            {
              "Type": "Page Break"
            },
            {
              "Type": "Question",
              "QuestionID": "QID2"
            }
          ]
        },
        {
          "Type": "Trash",
          "Description": "Trash / Unused Questions",
          "ID": "BL_30639096bfe4ec4"
        }
      ]
    },
    {
      "SurveyID": "SV_3kLZ1KUE87N0MMm",
      "Element": "FL",
      "PrimaryAttribute": "Survey Flow",
      "SecondaryAttribute": null,
      "TertiaryAttribute": null,
      "Payload": {
        "Flow": [
          {
            "ID": "BL_098f6bcd4621d37",
            "Type": "Block",
            "FlowID": "FL_2"
          }
        ],
        "Properties": {
          "Count": 3
        },
        "FlowID": "FL_1",
        "Type": "Root"
      }
    }
  ]
}